
Microsoft Visual Studio Solution File, Format Version 12.00
# Visual Studio Version 17
VisualStudioVersion = 17.0.32014.148
MinimumVisualStudioVersion = 10.0.40219.1
Project("{9A19103F-16F7-4668-BE54-9A1E7A4F7556}") = "Black.Model", "Black.Model\Black.Model.csproj", "{1A5F256B-7A64-4945-A761-55D96C8EB0FA}"
EndProject
Project("{9A19103F-16F7-4668-BE54-9A1E7A4F7556}") = "Black.Database", "Black.Database\Black.Database.csproj", "{C6EBEA35-C4B0-4B8F-8908-6A4DC93B0605}"
EndProject
Project("{9A19103F-16F7-4668-BE54-9A1E7A4F7556}") = "Black.Domain", "Black.Object\Black.Domain.csproj", "{EC9DFCDA-B4E5-4FD0-808C-E388CF818FC6}"
EndProject
Project("{9A19103F-16F7-4668-BE54-9A1E7A4F7556}") = "Black.Infrastructure", "Black.Infrastructure\Black.Infrastructure.csproj", "{08CA450E-9859-4AC4-8DEF-6857326D92DB}"
EndProject
Project("{2150E333-8FDC-42A3-9474-1A3956D46DE8}") = "Black.Api", "Black.Api", "{BBF8211D-7C09-455B-9CD9-4BC1635E392F}"
EndProject
Project("{2150E333-8FDC-42A3-9474-1A3956D46DE8}") = "USER", "USER", "{703BC39E-D254-41BC-A980-9F6364921A53}"
EndProject
Project("{2150E333-8FDC-42A3-9474-1A3956D46DE8}") = "AUTH", "AUTH", "{8BD5FFE9-8CE5-451E-A261-DFCFD32FD0F9}"
EndProject
Project("{2150E333-8FDC-42A3-9474-1A3956D46DE8}") = "FILE", "FILE", "{393475DA-89CB-4267-9D85-7D5DB636F69F}"
EndProject
Project("{9A19103F-16F7-4668-BE54-9A1E7A4F7556}") = "Black.AuthAPI", "Black.AuthAPI\Black.AuthAPI.csproj", "{F56A3C85-90F8-42C1-A92F-F001A5D3285D}"
EndProject
Project("{9A19103F-16F7-4668-BE54-9A1E7A4F7556}") = "Black.FileAPI", "Black.FileAPI\Black.FileAPI.csproj", "{E9B2062C-392C-4187-B7FC-EF52096DAB83}"
EndProject
Project("{9A19103F-16F7-4668-BE54-9A1E7A4F7556}") = "Black.UserAPI", "Black.UserAPI\Black.UserAPI.csproj", "{893C5975-D724-4E68-B484-A8C3484C7A6C}"
EndProject
Project("{FAE04EC0-301F-11D3-BF4B-00C04F79EFBC}") = "Black.AuthTest", "Black.AuthTest\Black.AuthTest.csproj", "{4D741F31-E49C-4F3C-817B-D813BC7A4F02}"
EndProject
Project("{FAE04EC0-301F-11D3-BF4B-00C04F79EFBC}") = "Black.FileTest", "Black.FileTest\Black.FileTest.csproj", "{7C82BB69-613E-4F45-971A-BA4669A86ED5}"
EndProject
Project("{FAE04EC0-301F-11D3-BF4B-00C04F79EFBC}") = "Black.UserTest", "Black.UserTest\Black.UserTest.csproj", "{F32FF949-67EB-461C-B68A-A2698880D4E0}"
EndProject
Project("{9A19103F-16F7-4668-BE54-9A1E7A4F7556}") = "Black.Gateway", "Black.Gateway\Black.Gateway.csproj", "{6069B01A-95A0-4F31-8833-56AC0A979A8D}"
EndProject
Project("{9A19103F-16F7-4668-BE54-9A1E7A4F7556}") = "Black.Common", "Black.Common\Black.Common.csproj", "{5B9C0E69-3FAF-48CE-9554-AC88AD95EFAC}"
EndProject
Project("{9A19103F-16F7-4668-BE54-9A1E7A4F7556}") = "Black.Service", "Black.Service\Black.Service.csproj", "{EADAB641-858F-4C6B-B1E0-F7F530E8DA3C}"
EndProject
Project("{E53339B2-1760-4266-BCC7-CA923CBCF16C}") = "docker-compose", "docker-compose.dcproj", "{631F6E5F-D6C6-48BE-B4D5-2F05868E9E88}"
EndProject
Global
	GlobalSection(SolutionConfigurationPlatforms) = preSolution
		Debug|Any CPU = Debug|Any CPU
		Release|Any CPU = Release|Any CPU
	EndGlobalSection
	GlobalSection(ProjectConfigurationPlatforms) = postSolution
		{1A5F256B-7A64-4945-A761-55D96C8EB0FA}.Debug|Any CPU.ActiveCfg = Debug|Any CPU
		{1A5F256B-7A64-4945-A761-55D96C8EB0FA}.Debug|Any CPU.Build.0 = Debug|Any CPU
		{1A5F256B-7A64-4945-A761-55D96C8EB0FA}.Release|Any CPU.ActiveCfg = Release|Any CPU
		{1A5F256B-7A64-4945-A761-55D96C8EB0FA}.Release|Any CPU.Build.0 = Release|Any CPU
		{C6EBEA35-C4B0-4B8F-8908-6A4DC93B0605}.Debug|Any CPU.ActiveCfg = Debug|Any CPU
		{C6EBEA35-C4B0-4B8F-8908-6A4DC93B0605}.Debug|Any CPU.Build.0 = Debug|Any CPU
		{C6EBEA35-C4B0-4B8F-8908-6A4DC93B0605}.Release|Any CPU.ActiveCfg = Release|Any CPU
		{C6EBEA35-C4B0-4B8F-8908-6A4DC93B0605}.Release|Any CPU.Build.0 = Release|Any CPU
		{EC9DFCDA-B4E5-4FD0-808C-E388CF818FC6}.Debug|Any CPU.ActiveCfg = Debug|Any CPU
		{EC9DFCDA-B4E5-4FD0-808C-E388CF818FC6}.Debug|Any CPU.Build.0 = Debug|Any CPU
		{EC9DFCDA-B4E5-4FD0-808C-E388CF818FC6}.Release|Any CPU.ActiveCfg = Release|Any CPU
		{EC9DFCDA-B4E5-4FD0-808C-E388CF818FC6}.Release|Any CPU.Build.0 = Release|Any CPU
		{08CA450E-9859-4AC4-8DEF-6857326D92DB}.Debug|Any CPU.ActiveCfg = Debug|Any CPU
		{08CA450E-9859-4AC4-8DEF-6857326D92DB}.Debug|Any CPU.Build.0 = Debug|Any CPU
		{08CA450E-9859-4AC4-8DEF-6857326D92DB}.Release|Any CPU.ActiveCfg = Release|Any CPU
		{08CA450E-9859-4AC4-8DEF-6857326D92DB}.Release|Any CPU.Build.0 = Release|Any CPU
		{F56A3C85-90F8-42C1-A92F-F001A5D3285D}.Debug|Any CPU.ActiveCfg = Debug|Any CPU
		{F56A3C85-90F8-42C1-A92F-F001A5D3285D}.Debug|Any CPU.Build.0 = Debug|Any CPU
		{F56A3C85-90F8-42C1-A92F-F001A5D3285D}.Release|Any CPU.ActiveCfg = Release|Any CPU
		{F56A3C85-90F8-42C1-A92F-F001A5D3285D}.Release|Any CPU.Build.0 = Release|Any CPU
		{E9B2062C-392C-4187-B7FC-EF52096DAB83}.Debug|Any CPU.ActiveCfg = Debug|Any CPU
		{E9B2062C-392C-4187-B7FC-EF52096DAB83}.Debug|Any CPU.Build.0 = Debug|Any CPU
		{E9B2062C-392C-4187-B7FC-EF52096DAB83}.Release|Any CPU.ActiveCfg = Release|Any CPU
		{E9B2062C-392C-4187-B7FC-EF52096DAB83}.Release|Any CPU.Build.0 = Release|Any CPU
		{893C5975-D724-4E68-B484-A8C3484C7A6C}.Debug|Any CPU.ActiveCfg = Debug|Any CPU
		{893C5975-D724-4E68-B484-A8C3484C7A6C}.Debug|Any CPU.Build.0 = Debug|Any CPU
		{893C5975-D724-4E68-B484-A8C3484C7A6C}.Release|Any CPU.ActiveCfg = Release|Any CPU
		{893C5975-D724-4E68-B484-A8C3484C7A6C}.Release|Any CPU.Build.0 = Release|Any CPU
		{4D741F31-E49C-4F3C-817B-D813BC7A4F02}.Debug|Any CPU.ActiveCfg = Debug|Any CPU
		{4D741F31-E49C-4F3C-817B-D813BC7A4F02}.Debug|Any CPU.Build.0 = Debug|Any CPU
		{4D741F31-E49C-4F3C-817B-D813BC7A4F02}.Release|Any CPU.ActiveCfg = Release|Any CPU
		{4D741F31-E49C-4F3C-817B-D813BC7A4F02}.Release|Any CPU.Build.0 = Release|Any CPU
		{7C82BB69-613E-4F45-971A-BA4669A86ED5}.Debug|Any CPU.ActiveCfg = Debug|Any CPU
		{7C82BB69-613E-4F45-971A-BA4669A86ED5}.Debug|Any CPU.Build.0 = Debug|Any CPU
		{7C82BB69-613E-4F45-971A-BA4669A86ED5}.Release|Any CPU.ActiveCfg = Release|Any CPU
		{7C82BB69-613E-4F45-971A-BA4669A86ED5}.Release|Any CPU.Build.0 = Release|Any CPU
		{F32FF949-67EB-461C-B68A-A2698880D4E0}.Debug|Any CPU.ActiveCfg = Debug|Any CPU
		{F32FF949-67EB-461C-B68A-A2698880D4E0}.Debug|Any CPU.Build.0 = Debug|Any CPU
		{F32FF949-67EB-461C-B68A-A2698880D4E0}.Release|Any CPU.ActiveCfg = Release|Any CPU
		{F32FF949-67EB-461C-B68A-A2698880D4E0}.Release|Any CPU.Build.0 = Release|Any CPU
		{6069B01A-95A0-4F31-8833-56AC0A979A8D}.Debug|Any CPU.ActiveCfg = Debug|Any CPU
		{6069B01A-95A0-4F31-8833-56AC0A979A8D}.Debug|Any CPU.Build.0 = Debug|Any CPU
		{6069B01A-95A0-4F31-8833-56AC0A979A8D}.Release|Any CPU.ActiveCfg = Release|Any CPU
		{6069B01A-95A0-4F31-8833-56AC0A979A8D}.Release|Any CPU.Build.0 = Release|Any CPU
		{5B9C0E69-3FAF-48CE-9554-AC88AD95EFAC}.Debug|Any CPU.ActiveCfg = Debug|Any CPU
		{5B9C0E69-3FAF-48CE-9554-AC88AD95EFAC}.Debug|Any CPU.Build.0 = Debug|Any CPU
		{5B9C0E69-3FAF-48CE-9554-AC88AD95EFAC}.Release|Any CPU.ActiveCfg = Release|Any CPU
		{5B9C0E69-3FAF-48CE-9554-AC88AD95EFAC}.Release|Any CPU.Build.0 = Release|Any CPU
		{EADAB641-858F-4C6B-B1E0-F7F530E8DA3C}.Debug|Any CPU.ActiveCfg = Debug|Any CPU
		{EADAB641-858F-4C6B-B1E0-F7F530E8DA3C}.Debug|Any CPU.Build.0 = Debug|Any CPU
		{EADAB641-858F-4C6B-B1E0-F7F530E8DA3C}.Release|Any CPU.ActiveCfg = Release|Any CPU
		{EADAB641-858F-4C6B-B1E0-F7F530E8DA3C}.Release|Any CPU.Build.0 = Release|Any CPU
		{631F6E5F-D6C6-48BE-B4D5-2F05868E9E88}.Debug|Any CPU.ActiveCfg = Debug|Any CPU
		{631F6E5F-D6C6-48BE-B4D5-2F05868E9E88}.Debug|Any CPU.Build.0 = Debug|Any CPU
		{631F6E5F-D6C6-48BE-B4D5-2F05868E9E88}.Release|Any CPU.ActiveCfg = Release|Any CPU
		{631F6E5F-D6C6-48BE-B4D5-2F05868E9E88}.Release|Any CPU.Build.0 = Release|Any CPU
	EndGlobalSection
	GlobalSection(SolutionProperties) = preSolution
		HideSolutionNode = FALSE
	EndGlobalSection
	GlobalSection(NestedProjects) = preSolution
		{703BC39E-D254-41BC-A980-9F6364921A53} = {BBF8211D-7C09-455B-9CD9-4BC1635E392F}
		{8BD5FFE9-8CE5-451E-A261-DFCFD32FD0F9} = {BBF8211D-7C09-455B-9CD9-4BC1635E392F}
		{393475DA-89CB-4267-9D85-7D5DB636F69F} = {BBF8211D-7C09-455B-9CD9-4BC1635E392F}
		{F56A3C85-90F8-42C1-A92F-F001A5D3285D} = {8BD5FFE9-8CE5-451E-A261-DFCFD32FD0F9}
		{E9B2062C-392C-4187-B7FC-EF52096DAB83} = {393475DA-89CB-4267-9D85-7D5DB636F69F}
		{893C5975-D724-4E68-B484-A8C3484C7A6C} = {703BC39E-D254-41BC-A980-9F6364921A53}
		{4D741F31-E49C-4F3C-817B-D813BC7A4F02} = {8BD5FFE9-8CE5-451E-A261-DFCFD32FD0F9}
		{7C82BB69-613E-4F45-971A-BA4669A86ED5} = {393475DA-89CB-4267-9D85-7D5DB636F69F}
		{F32FF949-67EB-461C-B68A-A2698880D4E0} = {703BC39E-D254-41BC-A980-9F6364921A53}
	EndGlobalSection
	GlobalSection(ExtensibilityGlobals) = postSolution
		SolutionGuid = {392D6A96-45C4-4B09-A136-55ACC42A2B15}
	EndGlobalSection
EndGlobal
